
Microsoft Visual Studio Solution File, Format Version 12.00
# Visual Studio Version 17
VisualStudioVersion = 17.5.002.0
MinimumVisualStudioVersion = 10.0.40219.1
Project("{2150E333-8FDC-42A3-9474-1A3956D46DE8}") = "sandbox", "sandbox", "{85B94CFC-4C36-48B3-A26A-B3908BE403F9}"
EndProject
Project("{9A19103F-16F7-4668-BE54-9A1E7A4F7556}") = "sandbox_project", "sandbox\sandbox_project\sandbox_project.csproj", "{C3F8B9A4-19A3-40C2-AD1E-2FA29B9B90E3}"
EndProject
Project("{2150E333-8FDC-42A3-9474-1A3956D46DE8}") = "week01", "week01", "{5A6B2CA1-552D-49F4-AF9B-6547E28BF8D3}"
EndProject
Project("{9A19103F-16F7-4668-BE54-9A1E7A4F7556}") = "analyze", "week01\analyze\analyze.csproj", "{F1AA0319-D864-4FA4-92F7-3B6957A60905}"
EndProject
Project("{9A19103F-16F7-4668-BE54-9A1E7A4F7556}") = "code", "week01\code\code.csproj", "{EA16BE23-2EE2-4940-AA57-E7BE4FCA665C}"
EndProject
Project("{9A19103F-16F7-4668-BE54-9A1E7A4F7556}") = "teach", "week01\teach\teach.csproj", "{C6FC547B-4536-43AF-9CBA-04DBE4A760A7}"
EndProject
Project("{2150E333-8FDC-42A3-9474-1A3956D46DE8}") = "week02", "week02", "{641BE106-99C6-4202-9C29-B840164FA9F0}"
EndProject
Project("{9A19103F-16F7-4668-BE54-9A1E7A4F7556}") = "analyze", "week02\analyze\analyze.csproj", "{FEC424DF-58AC-4F9B-8E3A-23F37F690B6E}"
EndProject
Project("{9A19103F-16F7-4668-BE54-9A1E7A4F7556}") = "code", "week02\code\code.csproj", "{93F5CC40-6168-4414-95E6-C0D5E73D722D}"
EndProject
Project("{9A19103F-16F7-4668-BE54-9A1E7A4F7556}") = "learn", "week02\learn\learn.csproj", "{C3CCC14B-64CB-4A6F-99B0-A3573C345562}"
EndProject
Project("{9A19103F-16F7-4668-BE54-9A1E7A4F7556}") = "teach", "week02\teach\teach.csproj", "{94C9BA92-273A-4064-8FD0-BE025092474E}"
EndProject
Project("{2150E333-8FDC-42A3-9474-1A3956D46DE8}") = "week03", "week03", "{2F90CE30-D910-43F5-896C-B559DF22E256}"
EndProject
Project("{9A19103F-16F7-4668-BE54-9A1E7A4F7556}") = "code", "week03\code\code.csproj", "{D8C033E5-C601-45C0-A9FB-CC2A3FFAE6AF}"
EndProject
Project("{9A19103F-16F7-4668-BE54-9A1E7A4F7556}") = "learn", "week03\learn\learn.csproj", "{54C1070D-1FBA-4857-9680-C1352E730E77}"
EndProject
Project("{9A19103F-16F7-4668-BE54-9A1E7A4F7556}") = "teach", "week03\teach\teach.csproj", "{E62F0CF5-3522-42B5-8E20-3185C0C1EC64}"
EndProject
Project("{2150E333-8FDC-42A3-9474-1A3956D46DE8}") = "week04", "week04", "{D360AF4D-EB30-4467-9CB1-364BE83602E9}"
EndProject
Project("{9A19103F-16F7-4668-BE54-9A1E7A4F7556}") = "code", "week04\code\code.csproj", "{C912CE75-DC2C-4B9C-9566-7DE18129AC2C}"
EndProject
Project("{2150E333-8FDC-42A3-9474-1A3956D46DE8}") = "week05", "week05", "{ADA6897E-9E54-4F68-94F6-8652E59BAA13}"
EndProject
Project("{9A19103F-16F7-4668-BE54-9A1E7A4F7556}") = "code", "week05\code\code.csproj", "{CB4813C5-2FA8-4401-A545-6F2CB0F57E3C}"
EndProject
Project("{2150E333-8FDC-42A3-9474-1A3956D46DE8}") = "week06", "week06", "{93E8EFFE-DAF4-4042-9B88-31EAC6F82BFE}"
EndProject
Project("{9A19103F-16F7-4668-BE54-9A1E7A4F7556}") = "code", "week06\code\code.csproj", "{B7B5A2B4-DDB6-46E2-A69F-789CBC02AE62}"
EndProject
Global
	GlobalSection(SolutionConfigurationPlatforms) = preSolution
		Debug|Any CPU = Debug|Any CPU
		Release|Any CPU = Release|Any CPU
	EndGlobalSection
	GlobalSection(ProjectConfigurationPlatforms) = postSolution
		{C3F8B9A4-19A3-40C2-AD1E-2FA29B9B90E3}.Debug|Any CPU.ActiveCfg = Debug|Any CPU
		{C3F8B9A4-19A3-40C2-AD1E-2FA29B9B90E3}.Debug|Any CPU.Build.0 = Debug|Any CPU
		{C3F8B9A4-19A3-40C2-AD1E-2FA29B9B90E3}.Release|Any CPU.ActiveCfg = Release|Any CPU
		{C3F8B9A4-19A3-40C2-AD1E-2FA29B9B90E3}.Release|Any CPU.Build.0 = Release|Any CPU
		{F1AA0319-D864-4FA4-92F7-3B6957A60905}.Debug|Any CPU.ActiveCfg = Debug|Any CPU
		{F1AA0319-D864-4FA4-92F7-3B6957A60905}.Debug|Any CPU.Build.0 = Debug|Any CPU
		{F1AA0319-D864-4FA4-92F7-3B6957A60905}.Release|Any CPU.ActiveCfg = Release|Any CPU
		{F1AA0319-D864-4FA4-92F7-3B6957A60905}.Release|Any CPU.Build.0 = Release|Any CPU
		{EA16BE23-2EE2-4940-AA57-E7BE4FCA665C}.Debug|Any CPU.ActiveCfg = Debug|Any CPU
		{EA16BE23-2EE2-4940-AA57-E7BE4FCA665C}.Debug|Any CPU.Build.0 = Debug|Any CPU
		{EA16BE23-2EE2-4940-AA57-E7BE4FCA665C}.Release|Any CPU.ActiveCfg = Release|Any CPU
		{EA16BE23-2EE2-4940-AA57-E7BE4FCA665C}.Release|Any CPU.Build.0 = Release|Any CPU
		{C6FC547B-4536-43AF-9CBA-04DBE4A760A7}.Debug|Any CPU.ActiveCfg = Debug|Any CPU
		{C6FC547B-4536-43AF-9CBA-04DBE4A760A7}.Debug|Any CPU.Build.0 = Debug|Any CPU
		{C6FC547B-4536-43AF-9CBA-04DBE4A760A7}.Release|Any CPU.ActiveCfg = Release|Any CPU
		{C6FC547B-4536-43AF-9CBA-04DBE4A760A7}.Release|Any CPU.Build.0 = Release|Any CPU
		{FEC424DF-58AC-4F9B-8E3A-23F37F690B6E}.Debug|Any CPU.ActiveCfg = Debug|Any CPU
		{FEC424DF-58AC-4F9B-8E3A-23F37F690B6E}.Debug|Any CPU.Build.0 = Debug|Any CPU
		{FEC424DF-58AC-4F9B-8E3A-23F37F690B6E}.Release|Any CPU.ActiveCfg = Release|Any CPU
		{FEC424DF-58AC-4F9B-8E3A-23F37F690B6E}.Release|Any CPU.Build.0 = Release|Any CPU
		{93F5CC40-6168-4414-95E6-C0D5E73D722D}.Debug|Any CPU.ActiveCfg = Debug|Any CPU
		{93F5CC40-6168-4414-95E6-C0D5E73D722D}.Debug|Any CPU.Build.0 = Debug|Any CPU
		{93F5CC40-6168-4414-95E6-C0D5E73D722D}.Release|Any CPU.ActiveCfg = Release|Any CPU
		{93F5CC40-6168-4414-95E6-C0D5E73D722D}.Release|Any CPU.Build.0 = Release|Any CPU
		{C3CCC14B-64CB-4A6F-99B0-A3573C345562}.Debug|Any CPU.ActiveCfg = Debug|Any CPU
		{C3CCC14B-64CB-4A6F-99B0-A3573C345562}.Debug|Any CPU.Build.0 = Debug|Any CPU
		{C3CCC14B-64CB-4A6F-99B0-A3573C345562}.Release|Any CPU.ActiveCfg = Release|Any CPU
		{C3CCC14B-64CB-4A6F-99B0-A3573C345562}.Release|Any CPU.Build.0 = Release|Any CPU
		{94C9BA92-273A-4064-8FD0-BE025092474E}.Debug|Any CPU.ActiveCfg = Debug|Any CPU
		{94C9BA92-273A-4064-8FD0-BE025092474E}.Debug|Any CPU.Build.0 = Debug|Any CPU
		{94C9BA92-273A-4064-8FD0-BE025092474E}.Release|Any CPU.ActiveCfg = Release|Any CPU
		{94C9BA92-273A-4064-8FD0-BE025092474E}.Release|Any CPU.Build.0 = Release|Any CPU
		{D8C033E5-C601-45C0-A9FB-CC2A3FFAE6AF}.Debug|Any CPU.ActiveCfg = Debug|Any CPU
		{D8C033E5-C601-45C0-A9FB-CC2A3FFAE6AF}.Debug|Any CPU.Build.0 = Debug|Any CPU
		{D8C033E5-C601-45C0-A9FB-CC2A3FFAE6AF}.Release|Any CPU.ActiveCfg = Release|Any CPU
		{D8C033E5-C601-45C0-A9FB-CC2A3FFAE6AF}.Release|Any CPU.Build.0 = Release|Any CPU
		{54C1070D-1FBA-4857-9680-C1352E730E77}.Debug|Any CPU.ActiveCfg = Debug|Any CPU
		{54C1070D-1FBA-4857-9680-C1352E730E77}.Debug|Any CPU.Build.0 = Debug|Any CPU
		{54C1070D-1FBA-4857-9680-C1352E730E77}.Release|Any CPU.ActiveCfg = Release|Any CPU
		{54C1070D-1FBA-4857-9680-C1352E730E77}.Release|Any CPU.Build.0 = Release|Any CPU
		{E62F0CF5-3522-42B5-8E20-3185C0C1EC64}.Debug|Any CPU.ActiveCfg = Debug|Any CPU
		{E62F0CF5-3522-42B5-8E20-3185C0C1EC64}.Debug|Any CPU.Build.0 = Debug|Any CPU
		{E62F0CF5-3522-42B5-8E20-3185C0C1EC64}.Release|Any CPU.ActiveCfg = Release|Any CPU
		{E62F0CF5-3522-42B5-8E20-3185C0C1EC64}.Release|Any CPU.Build.0 = Release|Any CPU
		{C912CE75-DC2C-4B9C-9566-7DE18129AC2C}.Debug|Any CPU.ActiveCfg = Debug|Any CPU
		{C912CE75-DC2C-4B9C-9566-7DE18129AC2C}.Debug|Any CPU.Build.0 = Debug|Any CPU
		{C912CE75-DC2C-4B9C-9566-7DE18129AC2C}.Release|Any CPU.ActiveCfg = Release|Any CPU
		{C912CE75-DC2C-4B9C-9566-7DE18129AC2C}.Release|Any CPU.Build.0 = Release|Any CPU
		{CB4813C5-2FA8-4401-A545-6F2CB0F57E3C}.Debug|Any CPU.ActiveCfg = Debug|Any CPU
		{CB4813C5-2FA8-4401-A545-6F2CB0F57E3C}.Debug|Any CPU.Build.0 = Debug|Any CPU
		{CB4813C5-2FA8-4401-A545-6F2CB0F57E3C}.Release|Any CPU.ActiveCfg = Release|Any CPU
		{CB4813C5-2FA8-4401-A545-6F2CB0F57E3C}.Release|Any CPU.Build.0 = Release|Any CPU
		{B7B5A2B4-DDB6-46E2-A69F-789CBC02AE62}.Debug|Any CPU.ActiveCfg = Debug|Any CPU
		{B7B5A2B4-DDB6-46E2-A69F-789CBC02AE62}.Debug|Any CPU.Build.0 = Debug|Any CPU
		{B7B5A2B4-DDB6-46E2-A69F-789CBC02AE62}.Release|Any CPU.ActiveCfg = Release|Any CPU
		{B7B5A2B4-DDB6-46E2-A69F-789CBC02AE62}.Release|Any CPU.Build.0 = Release|Any CPU
	EndGlobalSection
	GlobalSection(SolutionProperties) = preSolution
		HideSolutionNode = FALSE
	EndGlobalSection
	GlobalSection(NestedProjects) = preSolution
		{C3F8B9A4-19A3-40C2-AD1E-2FA29B9B90E3} = {85B94CFC-4C36-48B3-A26A-B3908BE403F9}
		{F1AA0319-D864-4FA4-92F7-3B6957A60905} = {5A6B2CA1-552D-49F4-AF9B-6547E28BF8D3}
		{EA16BE23-2EE2-4940-AA57-E7BE4FCA665C} = {5A6B2CA1-552D-49F4-AF9B-6547E28BF8D3}
		{C6FC547B-4536-43AF-9CBA-04DBE4A760A7} = {5A6B2CA1-552D-49F4-AF9B-6547E28BF8D3}
		{FEC424DF-58AC-4F9B-8E3A-23F37F690B6E} = {641BE106-99C6-4202-9C29-B840164FA9F0}
		{93F5CC40-6168-4414-95E6-C0D5E73D722D} = {641BE106-99C6-4202-9C29-B840164FA9F0}
		{C3CCC14B-64CB-4A6F-99B0-A3573C345562} = {641BE106-99C6-4202-9C29-B840164FA9F0}
		{94C9BA92-273A-4064-8FD0-BE025092474E} = {641BE106-99C6-4202-9C29-B840164FA9F0}
		{D8C033E5-C601-45C0-A9FB-CC2A3FFAE6AF} = {2F90CE30-D910-43F5-896C-B559DF22E256}
		{54C1070D-1FBA-4857-9680-C1352E730E77} = {2F90CE30-D910-43F5-896C-B559DF22E256}
		{E62F0CF5-3522-42B5-8E20-3185C0C1EC64} = {2F90CE30-D910-43F5-896C-B559DF22E256}
		{C912CE75-DC2C-4B9C-9566-7DE18129AC2C} = {D360AF4D-EB30-4467-9CB1-364BE83602E9}
		{CB4813C5-2FA8-4401-A545-6F2CB0F57E3C} = {ADA6897E-9E54-4F68-94F6-8652E59BAA13}
		{B7B5A2B4-DDB6-46E2-A69F-789CBC02AE62} = {93E8EFFE-DAF4-4042-9B88-31EAC6F82BFE}
	EndGlobalSection
	GlobalSection(ExtensibilityGlobals) = postSolution
		SolutionGuid = {84793C4F-5E6F-4622-A1E6-BB9219FE7B65}
	EndGlobalSection
EndGlobal
